{
  "requires": true,
  "lockfileVersion": 1,
  "dependencies": {
    "passwordmeter-js": {
      "version": "0.0.1",
      "resolved": "https://registry.npmjs.org/passwordmeter-js/-/passwordmeter-js-0.0.1.tgz",
      "integrity": "sha512-DDxPhgzI3J4TIgYh0UP6h0LITTgLBQt3r7iHCbJrUZw4ZtXN87RSYu82zedR71AckwyGdZrfSOOfyYkVqrjudQ=="
    }
  }
}
